<?xml version="1.0" encoding="utf-8"?>
<Project ToolsVersion="4.0" xmlns="http://schemas.microsoft.com/developer/msbuild/2003">
  <ItemGroup>
    <Filter Include="ソース ファイル">
      <UniqueIdentifier>{4FC737F1-C7A5-4376-A066-2A32D752A2FF}</UniqueIdentifier>
      <Extensions>cpp;c;cc;cxx;c++;cppm;ixx;def;odl;idl;hpj;bat;asm;asmx</Extensions>
    </Filter>
    <Filter Include="ヘッダー ファイル">
      <UniqueIdentifier>{93995380-89BD-4b04-88EB-625FBE52EBFB}</UniqueIdentifier>
      <Extensions>h;hh;hpp;hxx;h++;hm;inl;inc;ipp;xsd</Extensions>
    </Filter>
    <Filter Include="リソース ファイル">
      <UniqueIdentifier>{67DA6AB6-F800-4c08-8B7A-83BB121AAD01}</UniqueIdentifier>
      <Extensions>rc;ico;cur;bmp;dlg;rc2;rct;bin;rgs;gif;jpg;jpeg;jpe;resx;tiff;tif;png;wav;mfcribbon-ms</Extensions>
    </Filter>
    <Filter Include="testSource">
      <UniqueIdentifier>{62b4b2d9-37a6-40cb-829d-f0c24b2265a9}</UniqueIdentifier>
    </Filter>
  </ItemGroup>
  <ItemGroup>
    <ClCompile Include="..\Main.cpp">
      <Filter>ソース ファイル</Filter>
    </ClCompile>
    <ClCompile Include="..\lib\UrLib.cpp">
      <Filter>ソース ファイル</Filter>
    </ClCompile>
    <ClCompile Include="..\lib\Object.cpp">
      <Filter>ソース ファイル</Filter>
    </ClCompile>
    <ClCompile Include="..\lib\Component.cpp">
      <Filter>ソース ファイル</Filter>
    </ClCompile>
    <ClCompile Include="..\lib\Transform.cpp">
      <Filter>ソース ファイル</Filter>
    </ClCompile>
    <ClCompile Include="..\lib\GameObject.cpp">
      <Filter>ソース ファイル</Filter>
    </ClCompile>
    <ClCompile Include="..\lib\Scene.cpp">
      <Filter>ソース ファイル</Filter>
    </ClCompile>
    <ClCompile Include="..\lib\SceneManager.cpp">
      <Filter>ソース ファイル</Filter>
    </ClCompile>
    <ClCompile Include="..\TitleScene.cpp">
      <Filter>testSource</Filter>
    </ClCompile>
    <ClCompile Include="..\Player.cpp">
      <Filter>testSource</Filter>
    </ClCompile>
    <ClCompile Include="..\PlayerComponent.cpp">
      <Filter>testSource</Filter>
    </ClCompile>
    <ClCompile Include="..\PlayerChild.cpp">
      <Filter>testSource</Filter>
    </ClCompile>
    <ClCompile Include="..\lib\DrawManager.cpp">
      <Filter>ソース ファイル</Filter>
    </ClCompile>
    <ClCompile Include="..\lib\Image.cpp">
      <Filter>ソース ファイル</Filter>
    </ClCompile>
    <ClCompile Include="..\lib\Renderer.cpp">
      <Filter>ソース ファイル</Filter>
    </ClCompile>
    <ClCompile Include="..\lib\ImageRenderer.cpp">
      <Filter>ソース ファイル</Filter>
    </ClCompile>
    <ClCompile Include="..\PlayerChanger.cpp">
      <Filter>testSource</Filter>
    </ClCompile>
    <ClCompile Include="..\PlayerRotate.cpp">
      <Filter>testSource</Filter>
    </ClCompile>
    <ClCompile Include="..\TitleSubScene.cpp">
      <Filter>ソース ファイル</Filter>
    </ClCompile>
  </ItemGroup>
  <ItemGroup>
    <ClInclude Include="..\lib\UrLib.h">
      <Filter>ソース ファイル</Filter>
    </ClInclude>
    <ClInclude Include="..\lib\Object.h">
      <Filter>ソース ファイル</Filter>
    </ClInclude>
    <ClInclude Include="..\lib\Component.h">
      <Filter>ソース ファイル</Filter>
    </ClInclude>
    <ClInclude Include="..\lib\GameObject.h">
      <Filter>ソース ファイル</Filter>
    </ClInclude>
    <ClInclude Include="..\lib\Transform.h">
      <Filter>ソース ファイル</Filter>
    </ClInclude>
    <ClInclude Include="..\lib\Scene.h">
      <Filter>ソース ファイル</Filter>
    </ClInclude>
    <ClInclude Include="..\lib\SceneManager.h">
      <Filter>ソース ファイル</Filter>
    </ClInclude>
    <ClInclude Include="..\TitleScene.h">
      <Filter>testSource</Filter>
    </ClInclude>
    <ClInclude Include="..\Player.h">
      <Filter>testSource</Filter>
    </ClInclude>
    <ClInclude Include="..\PlayerComponent.h">
      <Filter>testSource</Filter>
    </ClInclude>
    <ClInclude Include="..\PlayerChild.h">
      <Filter>testSource</Filter>
    </ClInclude>
    <ClInclude Include="..\lib\Renderer.h">
      <Filter>ソース ファイル</Filter>
    </ClInclude>
    <ClInclude Include="..\lib\DrawManager.h">
      <Filter>ソース ファイル</Filter>
    </ClInclude>
    <ClInclude Include="..\lib\Image.h">
      <Filter>ソース ファイル</Filter>
    </ClInclude>
    <ClInclude Include="..\lib\ImageRenderer.h">
      <Filter>ソース ファイル</Filter>
    </ClInclude>
    <ClInclude Include="..\lib\typedef.h">
      <Filter>ソース ファイル</Filter>
    </ClInclude>
    <ClInclude Include="..\PlayerChanger.h">
      <Filter>testSource</Filter>
    </ClInclude>
    <ClInclude Include="..\lib\Function.h">
      <Filter>ソース ファイル</Filter>
    </ClInclude>
    <ClInclude Include="..\PlayerRotate.h">
      <Filter>testSource</Filter>
    </ClInclude>
    <ClInclude Include="..\TitleSubScene.h">
      <Filter>testSource</Filter>
    </ClInclude>
  </ItemGroup>
</Project>